
Microsoft Visual Studio Solution File, Format Version 12.00
# Visual Studio Version 17
VisualStudioVersion = 17.1.32319.34
MinimumVisualStudioVersion = 10.0.40219.1
Project("{9A19103F-16F7-4668-BE54-9A1E7A4F7556}") = "PercentangeChanceCalculator", "PercentangeChanceCalculator\PercentangeChanceCalculator.csproj", "{867FF4D2-DBB9-4CE1-9D2F-37D6BEB4D7E5}"
EndProject
Project("{FAE04EC0-301F-11D3-BF4B-00C04F79EFBC}") = "UnitTests", "UnitTests\UnitTests.csproj", "{B7DBC6B2-DE92-4526-B6A7-577B973EAF3D}"
EndProject
Project("{FAE04EC0-301F-11D3-BF4B-00C04F79EFBC}") = "ConsoleAppToRunCalculator", "ConsoleAppToRunCalculator\ConsoleAppToRunCalculator.csproj", "{AE027ABD-8B35-41B7-8A9A-1AE13D664765}"
EndProject
Global
	GlobalSection(SolutionConfigurationPlatforms) = preSolution
		Debug|Any CPU = Debug|Any CPU
		Release|Any CPU = Release|Any CPU
	EndGlobalSection
	GlobalSection(ProjectConfigurationPlatforms) = postSolution
		{867FF4D2-DBB9-4CE1-9D2F-37D6BEB4D7E5}.Debug|Any CPU.ActiveCfg = Debug|Any CPU
		{867FF4D2-DBB9-4CE1-9D2F-37D6BEB4D7E5}.Debug|Any CPU.Build.0 = Debug|Any CPU
		{867FF4D2-DBB9-4CE1-9D2F-37D6BEB4D7E5}.Release|Any CPU.ActiveCfg = Release|Any CPU
		{867FF4D2-DBB9-4CE1-9D2F-37D6BEB4D7E5}.Release|Any CPU.Build.0 = Release|Any CPU
		{B7DBC6B2-DE92-4526-B6A7-577B973EAF3D}.Debug|Any CPU.ActiveCfg = Debug|Any CPU
		{B7DBC6B2-DE92-4526-B6A7-577B973EAF3D}.Debug|Any CPU.Build.0 = Debug|Any CPU
		{B7DBC6B2-DE92-4526-B6A7-577B973EAF3D}.Release|Any CPU.ActiveCfg = Release|Any CPU
		{B7DBC6B2-DE92-4526-B6A7-577B973EAF3D}.Release|Any CPU.Build.0 = Release|Any CPU
		{AE027ABD-8B35-41B7-8A9A-1AE13D664765}.Debug|Any CPU.ActiveCfg = Debug|Any CPU
		{AE027ABD-8B35-41B7-8A9A-1AE13D664765}.Debug|Any CPU.Build.0 = Debug|Any CPU
		{AE027ABD-8B35-41B7-8A9A-1AE13D664765}.Release|Any CPU.ActiveCfg = Release|Any CPU
		{AE027ABD-8B35-41B7-8A9A-1AE13D664765}.Release|Any CPU.Build.0 = Release|Any CPU
	EndGlobalSection
	GlobalSection(SolutionProperties) = preSolution
		HideSolutionNode = FALSE
	EndGlobalSection
	GlobalSection(ExtensibilityGlobals) = postSolution
		SolutionGuid = {ADB1236D-87CB-43AF-8227-4987BC40E520}
	EndGlobalSection
EndGlobal
